
Microsoft Visual Studio Solution File, Format Version 12.00
# Visual Studio Version 17
VisualStudioVersion = 17.8.34330.188
MinimumVisualStudioVersion = 10.0.40219.1
Project("{9A19103F-16F7-4668-BE54-9A1E7A4F7556}") = "versionapi", "versionapi\versionapi.csproj", "{C80B0135-AF39-46C9-89C8-D05C24AD596D}"
EndProject
Project("{9A19103F-16F7-4668-BE54-9A1E7A4F7556}") = "Models", "Models\Models.csproj", "{EF381423-0F60-49DF-BB0A-E543A3A73DAA}"
EndProject
Global
	GlobalSection(SolutionConfigurationPlatforms) = preSolution
		Debug|Any CPU = Debug|Any CPU
		Release|Any CPU = Release|Any CPU
	EndGlobalSection
	GlobalSection(ProjectConfigurationPlatforms) = postSolution
		{C80B0135-AF39-46C9-89C8-D05C24AD596D}.Debug|Any CPU.ActiveCfg = Debug|Any CPU
		{C80B0135-AF39-46C9-89C8-D05C24AD596D}.Debug|Any CPU.Build.0 = Debug|Any CPU
		{C80B0135-AF39-46C9-89C8-D05C24AD596D}.Release|Any CPU.ActiveCfg = Release|Any CPU
		{C80B0135-AF39-46C9-89C8-D05C24AD596D}.Release|Any CPU.Build.0 = Release|Any CPU
		{EF381423-0F60-49DF-BB0A-E543A3A73DAA}.Debug|Any CPU.ActiveCfg = Debug|Any CPU
		{EF381423-0F60-49DF-BB0A-E543A3A73DAA}.Debug|Any CPU.Build.0 = Debug|Any CPU
		{EF381423-0F60-49DF-BB0A-E543A3A73DAA}.Release|Any CPU.ActiveCfg = Release|Any CPU
		{EF381423-0F60-49DF-BB0A-E543A3A73DAA}.Release|Any CPU.Build.0 = Release|Any CPU
	EndGlobalSection
	GlobalSection(SolutionProperties) = preSolution
		HideSolutionNode = FALSE
	EndGlobalSection
	GlobalSection(ExtensibilityGlobals) = postSolution
		SolutionGuid = {3FBE45EB-34F2-4B24-80F2-B373F4A2A32C}
	EndGlobalSection
EndGlobal
